Microsoft Visual Studio Solution File, Format Version 12.00
# Visual Studio Version 17
VisualStudioVersion = 17.13.35828.75
MinimumVisualStudioVersion = 10.0.40219.1
Project("{FAE04EC0-301F-11D3-BF4B-00C04F79EFBC}") = "TFG_Projects_APP_Frontend", "TFG_Projects_APP_Frontend\TFG_Projects_APP_Frontend.csproj", "{73662C15-110C-4A36-8922-2DBB001844D2}"
EndProject
Global
	GlobalSection(SolutionConfigurationPlatforms) = preSolution
		Debug|Any CPU = Debug|Any CPU
		Release|Any CPU = Release|Any CPU
	EndGlobalSection
	GlobalSection(ProjectConfigurationPlatforms) = postSolution
		{73662C15-110C-4A36-8922-2DBB001844D2}.Debug|Any CPU.ActiveCfg = Debug|Any CPU
		{73662C15-110C-4A36-8922-2DBB001844D2}.Debug|Any CPU.Build.0 = Debug|Any CPU
		{73662C15-110C-4A36-8922-2DBB001844D2}.Release|Any CPU.ActiveCfg = Release|Any CPU
		{73662C15-110C-4A36-8922-2DBB001844D2}.Release|Any CPU.Build.0 = Release|Any CPU
	EndGlobalSection
	GlobalSection(SolutionProperties) = preSolution
		HideSolutionNode = FALSE
	EndGlobalSection
	GlobalSection(ExtensibilityGlobals) = postSolution
		SolutionGuid = {5ED98854-FB2E-4AFD-BB26-19ECA362482F}
	EndGlobalSection
EndGlobal
